// !$*UTF8*$!
{
	archiveVersion = 1;
	classes = {
	};
	objectVersion = 77;
	objects = {

/* Begin PBXBuildFile section */
		97677C8530436CA6002F35D4 /* TrailMarkLenin Watch App Watch App.app in Embed Watch Content */ = {isa = PBXBuildFile; fileRef = 97677C7B30436CA4002F35D4 /* TrailMarkLenin Watch App Watch App.app */; settings = {ATTRIBUTES = (RemoveHeadersOnCopy, ); }; };
		97677C8B30436F14002F35D4 /* TrailmarkCore in Frameworks */ = {isa = PBXBuildFile; productRef = 97677C8A30436F14002F35D4 /* TrailmarkCore */; };
		976CECEC3032EFCB0040B17C /* TrailmarkCore in Frameworks */ = {isa = PBXBuildFile; productRef = 976CECEB3032EFCB0040B17C /* TrailmarkCore */; };
/* End PBXBuildFile section */

/* Begin PBXContainerItemProxy section */
		97677C8330436CA6002F35D4 /* PBXContainerItemProxy */ = {
			isa = PBXContainerItemProxy;
			containerPortal = 976CECD2303119C20040B17C /* Project object */;
			proxyType = 1;
			remoteGlobalIDString = 97677C7A30436CA4002F35D4;
			remoteInfo = "TrailMarkLenin Watch App Watch App";
		};
/* End PBXContainerItemProxy section */

/* Begin PBXCopyFilesBuildPhase section */
		97677C8630436CA6002F35D4 /* Embed Watch Content */ = {
			isa = PBXCopyFilesBuildPhase;
			buildActionMask = 2147483647;
			dstPath = "$(CONTENTS_FOLDER_PATH)/Watch";
			dstSubfolderSpec = 16;
			files = (
				97677C8530436CA6002F35D4 /* TrailMarkLenin Watch App Watch App.app in Embed Watch Content */,
			);
			name = "Embed Watch Content";
			runOnlyForDeploymentPostprocessing = 0;
		};
/* End PBXCopyFilesBuildPhase section */

/* Begin PBXFileReference section */
		97677C7B30436CA4002F35D4 /* TrailMarkLenin Watch App Watch App.app */ = {isa = PBXFileReference; explicitFileType = wrapper.application; includeInIndex = 0; path = "TrailMarkLenin Watch App Watch App.app"; sourceTree = BUILT_PRODUCTS_DIR; };
		976CECDA303119C20040B17C /* TrailMarkLenin.app */ = {isa = PBXFileReference; explicitFileType = wrapper.application; includeInIndex = 0; path = TrailMarkLenin.app; sourceTree = BUILT_PRODUCTS_DIR; };
/* End PBXFileReference section */

/* Begin PBXFileSystemSynchronizedBuildFileExceptionSet section */
		976CECE930311A0F0040B17C /* Exceptions for "TrailMarkLenin" folder in "TrailMarkLenin" target */ = {
			isa = PBXFileSystemSynchronizedBuildFileExceptionSet;
			membershipExceptions = (
				TrailmarkCore,
			);
			target = 976CECD9303119C20040B17C /* TrailMarkLenin */;
		};
/* End PBXFileSystemSynchronizedBuildFileExceptionSet section */

/* Begin PBXFileSystemSynchronizedRootGroup section */
		97677C7C30436CA4002F35D4 /* TrailMarkLenin Watch App Watch App */ = {
			isa = PBXFileSystemSynchronizedRootGroup;
			path = "TrailMarkLenin Watch App Watch App";
			sourceTree = "<group>";
		};
		976CECDC303119C20040B17C /* TrailMarkLenin */ = {
			isa = PBXFileSystemSynchronizedRootGroup;
			exceptions = (
				976CECE930311A0F0040B17C /* Exceptions for "TrailMarkLenin" folder in "TrailMarkLenin" target */,
			);
			path = TrailMarkLenin;
			sourceTree = "<group>";
		};
/* End PBXFileSystemSynchronizedRootGroup section */

/* Begin PBXFrameworksBuildPhase section */
		97677C7830436CA4002F35D4 /* Frameworks */ = {
			isa = PBXFrameworksBuildPhase;
			buildActionMask = 2147483647;
			files = (
				97677C8B30436F14002F35D4 /* TrailmarkCore in Frameworks */,
			);
			runOnlyForDeploymentPostprocessing = 0;
		};
		976CECD7303119C20040B17C /* Frameworks */ = {
			isa = PBXFrameworksBuildPhase;
			buildActionMask = 2147483647;
			files = (
				976CECEC3032EFCB0040B17C /* TrailmarkCore in Frameworks */,
			);
			runOnlyForDeploymentPostprocessing = 0;
		};
/* End PBXFrameworksBuildPhase section */

/* Begin PBXGroup section */
		976CECD1303119C20040B17C = {
			isa = PBXGroup;
			children = (
				976CECDC303119C20040B17C /* TrailMarkLenin */,
				97677C7C30436CA4002F35D4 /* TrailMarkLenin Watch App Watch App */,
				976CECEA3032EFCB0040B17C /* Frameworks */,
				976CECDB303119C20040B17C /* Products */,
			);
			sourceTree = "<group>";
		};
		976CECDB303119C20040B17C /* Products */ = {
			isa = PBXGroup;
			children = (
				976CECDA303119C20040B17C /* TrailMarkLenin.app */,
				97677C7B30436CA4002F35D4 /* TrailMarkLenin Watch App Watch App.app */,
			);
			name = Products;
			sourceTree = "<group>";
		};
		976CECEA3032EFCB0040B17C /* Frameworks */ = {
			isa = PBXGroup;
			children = (
			);
			name = Frameworks;
			sourceTree = "<group>";
		};
/* End PBXGroup section */

/* Begin PBXNativeTarget section */
		97677C7A30436CA4002F35D4 /* TrailMarkLenin Watch App Watch App */ = {
			isa = PBXNativeTarget;
			buildConfigurationList = 97677C8930436CA6002F35D4 /* Build configuration list for PBXNativeTarget "TrailMarkLenin Watch App Watch App" */;
			buildPhases = (
				97677C7730436CA4002F35D4 /* Sources */,
				97677C7830436CA4002F35D4 /* Frameworks */,
				97677C7930436CA4002F35D4 /* Resources */,
			);
			buildRules = (
			);
			dependencies = (
			);
			fileSystemSynchronizedGroups = (
				97677C7C30436CA4002F35D4 /* TrailMarkLenin Watch App Watch App */,
			);
			name = "TrailMarkLenin Watch App Watch App";
			packageProductDependencies = (
				97677C8A30436F14002F35D4 /* TrailmarkCore */,
			);
			productName = "TrailMarkLenin Watch App Watch App";
			productReference = 97677C7B30436CA4002F35D4 /* TrailMarkLenin Watch App Watch App.app */;
			productType = "com.apple.product-type.application";
		};
		976CECD9303119C20040B17C /* TrailMarkLenin */ = {
			isa = PBXNativeTarget;
			buildConfigurationList = 976CECE5303119C20040B17C /* Build configuration list for PBXNativeTarget "TrailMarkLenin" */;
			buildPhases = (
				976CECD6303119C20040B17C /* Sources */,
				976CECD7303119C20040B17C /* Frameworks */,
				976CECD8303119C20040B17C /* Resources */,
				97677C8630436CA6002F35D4 /* Embed Watch Content */,
			);
			buildRules = (
			);
			dependencies = (
				97677C8430436CA6002F35D4 /* PBXTargetDependency */,
			);
			fileSystemSynchronizedGroups = (
				976CECDC303119C20040B17C /* TrailMarkLenin */,
			);
			name = TrailMarkLenin;
			packageProductDependencies = (
				976CECEB3032EFCB0040B17C /* TrailmarkCore */,
			);
			productName = TrailMarkLenin;
			productReference = 976CECDA303119C20040B17C /* TrailMarkLenin.app */;
			productType = "com.apple.product-type.application";
		};
/* End PBXNativeTarget section */

/* Begin PBXProject section */
		976CECD2303119C20040B17C /* Project object */ = {
			isa = PBXProject;
			attributes = {
				BuildIndependentTargetsInParallel = 1;
				LastSwiftUpdateCheck = 2660;
				LastUpgradeCheck = 2660;
				TargetAttributes = {
					97677C7A30436CA4002F35D4 = {
						CreatedOnToolsVersion = 26.6;
					};
					976CECD9303119C20040B17C = {
						CreatedOnToolsVersion = 26.6;
					};
				};
			};
			buildConfigurationList = 976CECD5303119C20040B17C /* Build configuration list for PBXProject "TrailMarkLenin" */;
			developmentRegion = en;
			hasScannedForEncodings = 0;
			knownRegions = (
				en,
				Base,
			);
			mainGroup = 976CECD1303119C20040B17C;
			minimizedProjectReferenceProxies = 1;
			preferredProjectObjectVersion = 77;
			productRefGroup = 976CECDB303119C20040B17C /* Products */;
			projectDirPath = "";
			projectRoot = "";
			targets = (
				976CECD9303119C20040B17C /* TrailMarkLenin */,
				97677C7A30436CA4002F35D4 /* TrailMarkLenin Watch App Watch App */,
			);
		};
/* End PBXProject section */

/* Begin PBXResourcesBuildPhase section */
		97677C7930436CA4002F35D4 /* Resources */ = {
			isa = PBXResourcesBuildPhase;
			buildActionMask = 2147483647;
			files = (
			);
			runOnlyForDeploymentPostprocessing = 0;
		};
		976CECD8303119C20040B17C /* Resources */ = {
			isa = PBXResourcesBuildPhase;
			buildActionMask = 2147483647;
			files = (
			);
			runOnlyForDeploymentPostprocessing = 0;
		};
/* End PBXResourcesBuildPhase section */

/* Begin PBXSourcesBuildPhase section */
		97677C7730436CA4002F35D4 /* Sources */ = {
			isa = PBXSourcesBuildPhase;
			buildActionMask = 2147483647;
			files = (
			);
			runOnlyForDeploymentPostprocessing = 0;
		};
		976CECD6303119C20040B17C /* Sources */ = {
			isa = PBXSourcesBuildPhase;
			buildActionMask = 2147483647;
			files = (
			);
			runOnlyForDeploymentPostprocessing = 0;
		};
/* End PBXSourcesBuildPhase section */

/* Begin PBXTargetDependency section */
		97677C8430436CA6002F35D4 /* PBXTargetDependency */ = {
			isa = PBXTargetDependency;
			target = 97677C7A30436CA4002F35D4 /* TrailMarkLenin Watch App Watch App */;
			targetProxy = 97677C8330436CA6002F35D4 /* PBXContainerItemProxy */;
		};
/* End PBXTargetDependency section */

/* Begin XCBuildConfiguration section */
		97677C8730436CA6002F35D4 /* Debug */ = {
			isa = XCBuildConfiguration;
			buildSettings = {
				ASSETCATALOG_COMPILER_APPICON_NAME = AppIcon;
				ASSETCATALOG_COMPILER_GLOBAL_ACCENT_COLOR_NAME = AccentColor;
				CODE_SIGN_ENTITLEMENTS = "TrailMarkLenin Watch App Watch App/TrailMarkLenin Watch App Watch App.entitlements";
				CODE_SIGN_STYLE = Automatic;
				CURRENT_PROJECT_VERSION = 1;
				DEVELOPMENT_TEAM = 4J9MN9YA3K;
				ENABLE_PREVIEWS = YES;
				GENERATE_INFOPLIST_FILE = YES;
				INFOPLIST_KEY_CFBundleDisplayName = "TrailMarkLenin Watch App";
				INFOPLIST_KEY_NSHealthShareUsageDescription = "TrailMark reads your steps, distance, and active energy to show your daily activity.";
				INFOPLIST_KEY_NSHealthUpdateUsageDescription = "TrailMark saves your recorded activities to the Health app as workouts.";
				INFOPLIST_KEY_NSMicrophoneUsageDescription = "TrailMark records voice memos on your wrist.";
				INFOPLIST_KEY_UISupportedInterfaceOrientations = "UIInterfaceOrientationPortrait UIInterfaceOrientationPortraitUpsideDown";
				INFOPLIST_KEY_WKCompanionAppBundleIdentifier = com.MoodlExampleCh9.TrailMarkLenin;
				LD_RUNPATH_SEARCH_PATHS = (
					"$(inherited)",
					"@executable_path/Frameworks",
				);
				MARKETING_VERSION = 1.0;
				PRODUCT_BUNDLE_IDENTIFIER = com.MoodlExampleCh9.TrailMarkLenin.watchkitapp;
				PRODUCT_NAME = "$(TARGET_NAME)";
				SDKROOT = watchos;
				SKIP_INSTALL = YES;
				STRING_CATALOG_GENERATE_SYMBOLS = YES;
				SWIFT_APPROACHABLE_CONCURRENCY = YES;
				SWIFT_DEFAULT_ACTOR_ISOLATION = MainActor;
				SWIFT_EMIT_LOC_STRINGS = YES;
				SWIFT_UPCOMING_FEATURE_MEMBER_IMPORT_VISIBILITY = YES;
				SWIFT_VERSION = 5.0;
				TARGETED_DEVICE_FAMILY = 4;
				WATCHOS_DEPLOYMENT_TARGET = 26.5;
			};
			name = Debug;
		};
		97677C8830436CA6002F35D4 /* Release */ = {
			isa = XCBuildConfiguration;
			buildSettings = {
				ASSETCATALOG_COMPILER_APPICON_NAME = AppIcon;
				ASSETCATALOG_COMPILER_GLOBAL_ACCENT_COLOR_NAME = AccentColor;
				CODE_SIGN_ENTITLEMENTS = "TrailMarkLenin Watch App Watch App/TrailMarkLenin Watch App Watch App.entitlements";
				CODE_SIGN_STYLE = Automatic;
				CURRENT_PROJECT_VERSION = 1;
				DEVELOPMENT_TEAM = 4J9MN9YA3K;
				ENABLE_PREVIEWS = YES;
				GENERATE_INFOPLIST_FILE = YES;
				INFOPLIST_KEY_CFBundleDisplayName = "TrailMarkLenin Watch App";
				INFOPLIST_KEY_NSHealthShareUsageDescription = "TrailMark reads your steps, distance, and active energy to show your daily activity.";
				INFOPLIST_KEY_NSHealthUpdateUsageDescription = "TrailMark saves your recorded activities to the Health app as workouts.";
				INFOPLIST_KEY_NSMicrophoneUsageDescription = "TrailMark records voice memos on your wrist.";
				INFOPLIST_KEY_UISupportedInterfaceOrientations = "UIInterfaceOrientationPortrait UIInterfaceOrientationPortraitUpsideDown";
				INFOPLIST_KEY_WKCompanionAppBundleIdentifier = com.MoodlExampleCh9.TrailMarkLenin;
				LD_RUNPATH_SEARCH_PATHS = (
					"$(inherited)",
					"@executable_path/Frameworks",
				);
				MARKETING_VERSION = 1.0;
				PRODUCT_BUNDLE_IDENTIFIER = com.MoodlExampleCh9.TrailMarkLenin.watchkitapp;
				PRODUCT_NAME = "$(TARGET_NAME)";
				SDKROOT = watchos;
				SKIP_INSTALL = YES;
				STRING_CATALOG_GENERATE_SYMBOLS = YES;
				SWIFT_APPROACHABLE_CONCURRENCY = YES;
				SWIFT_DEFAULT_ACTOR_ISOLATION = MainActor;
				SWIFT_EMIT_LOC_STRINGS = YES;
				SWIFT_UPCOMING_FEATURE_MEMBER_IMPORT_VISIBILITY = YES;
				SWIFT_VERSION = 5.0;
				TARGETED_DEVICE_FAMILY = 4;
				WATCHOS_DEPLOYMENT_TARGET = 26.5;
			};
			name = Release;
		};
		976CECE3303119C20040B17C /* Debug */ = {
			isa = XCBuildConfiguration;
			buildSettings = {
				ALWAYS_SEARCH_USER_PATHS = NO;
				ASSETCATALOG_COMPILER_GENERATE_SWIFT_ASSET_SYMBOL_EXTENSIONS = YES;
				CLANG_ANALYZER_NONNULL = YES;
				CLANG_ANALYZER_NUMBER_OBJECT_CONVERSION = YES_AGGRESSIVE;
				CLANG_CXX_LANGUAGE_STANDARD = "gnu++20";
				CLANG_ENABLE_MODULES = YES;
				CLANG_ENABLE_OBJC_ARC = YES;
				CLANG_ENABLE_OBJC_WEAK = YES;
				CLANG_WARN_BLOCK_CAPTURE_AUTORELEASING = YES;
				CLANG_WARN_BOOL_CONVERSION = YES;
				CLANG_WARN_COMMA = YES;
				CLANG_WARN_CONSTANT_CONVERSION = YES;
				CLANG_WARN_DEPRECATED_OBJC_IMPLEMENTATIONS = YES;
				CLANG_WARN_DIRECT_OBJC_ISA_USAGE = YES_ERROR;
				CLANG_WARN_DOCUMENTATION_COMMENTS = YES;
				CLANG_WARN_EMPTY_BODY = YES;
				CLANG_WARN_ENUM_CONVERSION = YES;
				CLANG_WARN_INFINITE_RECURSION = YES;
				CLANG_WARN_INT_CONVERSION = YES;
				CLANG_WARN_NON_LITERAL_NULL_CONVERSION = YES;
				CLANG_WARN_OBJC_IMPLICIT_RETAIN_SELF = YES;
				CLANG_WARN_OBJC_LITERAL_CONVERSION = YES;
				CLANG_WARN_OBJC_ROOT_CLASS = YES_ERROR;
				CLANG_WARN_QUOTED_INCLUDE_IN_FRAMEWORK_HEADER = YES;
				CLANG_WARN_RANGE_LOOP_ANALYSIS = YES;
				CLANG_WARN_STRICT_PROTOTYPES = YES;
				CLANG_WARN_SUSPICIOUS_MOVE = YES;
				CLANG_WARN_UNGUARDED_AVAILABILITY = YES_AGGRESSIVE;
				CLANG_WARN_UNREACHABLE_CODE = YES;
				CLANG_WARN__DUPLICATE_METHOD_MATCH = YES;
				COPY_PHASE_STRIP = NO;
				DEBUG_INFORMATION_FORMAT = dwarf;
				ENABLE_STRICT_OBJC_MSGSEND = YES;
				ENABLE_TESTABILITY = YES;
				ENABLE_USER_SCRIPT_SANDBOXING = YES;
				GCC_C_LANGUAGE_STANDARD = gnu17;
				GCC_DYNAMIC_NO_PIC = NO;
				GCC_NO_COMMON_BLOCKS = YES;
				GCC_OPTIMIZATION_LEVEL = 0;
				GCC_PREPROCESSOR_DEFINITIONS = (
					"DEBUG=1",
					"$(inherited)",
				);
				GCC_WARN_64_TO_32_BIT_CONVERSION = YES;
				GCC_WARN_ABOUT_RETURN_TYPE = YES_ERROR;
				GCC_WARN_UNDECLARED_SELECTOR = YES;
				GCC_WARN_UNINITIALIZED_AUTOS = YES_AGGRESSIVE;
				GCC_WARN_UNUSED_FUNCTION = YES;
				GCC_WARN_UNUSED_VARIABLE = YES;
				IPHONEOS_DEPLOYMENT_TARGET = 26.5;
				LOCALIZATION_PREFERS_STRING_CATALOGS = YES;
				MTL_ENABLE_DEBUG_INFO = INCLUDE_SOURCE;
				MTL_FAST_MATH = YES;
				ONLY_ACTIVE_ARCH = YES;
				SDKROOT = iphoneos;
				SWIFT_ACTIVE_COMPILATION_CONDITIONS = "DEBUG $(inherited)";
				SWIFT_OPTIMIZATION_LEVEL = "-Onone";
			};
			name = Debug;
		};
		976CECE4303119C20040B17C /* Release */ = {
			isa = XCBuildConfiguration;
			buildSettings = {
				ALWAYS_SEARCH_USER_PATHS = NO;
				ASSETCATALOG_COMPILER_GENERATE_SWIFT_ASSET_SYMBOL_EXTENSIONS = YES;
				CLANG_ANALYZER_NONNULL = YES;
				CLANG_ANALYZER_NUMBER_OBJECT_CONVERSION = YES_AGGRESSIVE;
				CLANG_CXX_LANGUAGE_STANDARD = "gnu++20";
				CLANG_ENABLE_MODULES = YES;
				CLANG_ENABLE_OBJC_ARC = YES;
				CLANG_ENABLE_OBJC_WEAK = YES;
				CLANG_WARN_BLOCK_CAPTURE_AUTORELEASING = YES;
				CLANG_WARN_BOOL_CONVERSION = YES;
				CLANG_WARN_COMMA = YES;
				CLANG_WARN_CONSTANT_CONVERSION = YES;
				CLANG_WARN_DEPRECATED_OBJC_IMPLEMENTATIONS = YES;
				CLANG_WARN_DIRECT_OBJC_ISA_USAGE = YES_ERROR;
				CLANG_WARN_DOCUMENTATION_COMMENTS = YES;
				CLANG_WARN_EMPTY_BODY = YES;
				CLANG_WARN_ENUM_CONVERSION = YES;
				CLANG_WARN_INFINITE_RECURSION = YES;
				CLANG_WARN_INT_CONVERSION = YES;
				CLANG_WARN_NON_LITERAL_NULL_CONVERSION = YES;
				CLANG_WARN_OBJC_IMPLICIT_RETAIN_SELF = YES;
				CLANG_WARN_OBJC_LITERAL_CONVERSION = YES;
				CLANG_WARN_OBJC_ROOT_CLASS = YES_ERROR;
				CLANG_WARN_QUOTED_INCLUDE_IN_FRAMEWORK_HEADER = YES;
				CLANG_WARN_RANGE_LOOP_ANALYSIS = YES;
				CLANG_WARN_STRICT_PROTOTYPES = YES;
				CLANG_WARN_SUSPICIOUS_MOVE = YES;
				CLANG_WARN_UNGUARDED_AVAILABILITY = YES_AGGRESSIVE;
				CLANG_WARN_UNREACHABLE_CODE = YES;
				CLANG_WARN__DUPLICATE_METHOD_MATCH = YES;
				COPY_PHASE_STRIP = NO;
				DEBUG_INFORMATION_FORMAT = "dwarf-with-dsym";
				ENABLE_NS_ASSERTIONS = NO;
				ENABLE_STRICT_OBJC_MSGSEND = YES;
				ENABLE_USER_SCRIPT_SANDBOXING = YES;
				GCC_C_LANGUAGE_STANDARD = gnu17;
				GCC_NO_COMMON_BLOCKS = YES;
				GCC_WARN_64_TO_32_BIT_CONVERSION = YES;
				GCC_WARN_ABOUT_RETURN_TYPE = YES_ERROR;
				GCC_WARN_UNDECLARED_SELECTOR = YES;
				GCC_WARN_UNINITIALIZED_AUTOS = YES_AGGRESSIVE;
				GCC_WARN_UNUSED_FUNCTION = YES;
				GCC_WARN_UNUSED_VARIABLE = YES;
				IPHONEOS_DEPLOYMENT_TARGET = 26.5;
				LOCALIZATION_PREFERS_STRING_CATALOGS = YES;
				MTL_ENABLE_DEBUG_INFO = NO;
				MTL_FAST_MATH = YES;
				SDKROOT = iphoneos;
				SWIFT_COMPILATION_MODE = wholemodule;
				VALIDATE_PRODUCT = YES;
			};
			name = Release;
		};
		976CECE6303119C20040B17C /* Debug */ = {
			isa = XCBuildConfiguration;
			buildSettings = {
				ASSETCATALOG_COMPILER_APPICON_NAME = AppIcon;
				ASSETCATALOG_COMPILER_GLOBAL_ACCENT_COLOR_NAME = AccentColor;
				CODE_SIGN_ENTITLEMENTS = TrailMarkLenin/TrailMarkLenin.entitlements;
				CODE_SIGN_STYLE = Automatic;
				CURRENT_PROJECT_VERSION = 1;
				DEVELOPMENT_TEAM = 4J9MN9YA3K;
				ENABLE_PREVIEWS = YES;
				GENERATE_INFOPLIST_FILE = YES;
				INFOPLIST_KEY_NSCameraUsageDescription = "TrailMark records video memos to log your adventures.";
				INFOPLIST_KEY_NSHealthShareUsageDescription = "TrailMark reads your steps, distance, and active energy to show your daily activity.";
				INFOPLIST_KEY_NSHealthUpdateUsageDescription = "TrailMark saves your recorded activities to the Health app as workouts.";
				INFOPLIST_KEY_NSLocationWhenInUseUsageDescription = "TrailMark tracks your route during a journey to show it on the map.";
				INFOPLIST_KEY_NSMicrophoneUsageDescription = "TrailMark records audio memos to log your adventures.";
				INFOPLIST_KEY_NSPhotoLibraryUsageDescription = "TrailMark lets you attach an existing video as a memo.";
				INFOPLIST_KEY_UIApplicationSceneManifest_Generation = YES;
				INFOPLIST_KEY_UIApplicationSupportsIndirectInputEvents = YES;
				INFOPLIST_KEY_UILaunchScreen_Generation = YES;
				INFOPLIST_KEY_UISupportedInterfaceOrientations_iPad = "UIInterfaceOrientationPortrait UIInterfaceOrientationPortraitUpsideDown UIInterfaceOrientationLandscapeLeft UIInterfaceOrientationLandscapeRight";
				INFOPLIST_KEY_UISupportedInterfaceOrientations_iPhone = "UIInterfaceOrientationPortrait UIInterfaceOrientationLandscapeLeft UIInterfaceOrientationLandscapeRight";
				LD_RUNPATH_SEARCH_PATHS = (
					"$(inherited)",
					"@executable_path/Frameworks",
				);
				MARKETING_VERSION = 1.0;
				PRODUCT_BUNDLE_IDENTIFIER = com.MoodlExampleCh9.TrailMarkLenin;
				PRODUCT_NAME = "$(TARGET_NAME)";
				STRING_CATALOG_GENERATE_SYMBOLS = YES;
				SWIFT_APPROACHABLE_CONCURRENCY = YES;
				SWIFT_DEFAULT_ACTOR_ISOLATION = MainActor;
				SWIFT_EMIT_LOC_STRINGS = YES;
				SWIFT_UPCOMING_FEATURE_MEMBER_IMPORT_VISIBILITY = YES;
				SWIFT_VERSION = 5.0;
				TARGETED_DEVICE_FAMILY = "1,2";
			};
			name = Debug;
		};
		976CECE7303119C20040B17C /* Release */ = {
			isa = XCBuildConfiguration;
			buildSettings = {
				ASSETCATALOG_COMPILER_APPICON_NAME = AppIcon;
				ASSETCATALOG_COMPILER_GLOBAL_ACCENT_COLOR_NAME = AccentColor;
				CODE_SIGN_ENTITLEMENTS = TrailMarkLenin/TrailMarkLenin.entitlements;
				CODE_SIGN_STYLE = Automatic;
				CURRENT_PROJECT_VERSION = 1;
				DEVELOPMENT_TEAM = 4J9MN9YA3K;
				ENABLE_PREVIEWS = YES;
				GENERATE_INFOPLIST_FILE = YES;
				INFOPLIST_KEY_NSCameraUsageDescription = "TrailMark records video memos to log your adventures.";
				INFOPLIST_KEY_NSHealthShareUsageDescription = "TrailMark reads your steps, distance, and active energy to show your daily activity.";
				INFOPLIST_KEY_NSHealthUpdateUsageDescription = "TrailMark saves your recorded activities to the Health app as workouts.";
				INFOPLIST_KEY_NSLocationWhenInUseUsageDescription = "TrailMark tracks your route during a journey to show it on the map.";
				INFOPLIST_KEY_NSMicrophoneUsageDescription = "TrailMark records audio memos to log your adventures.";
				INFOPLIST_KEY_NSPhotoLibraryUsageDescription = "TrailMark lets you attach an existing video as a memo.";
				INFOPLIST_KEY_UIApplicationSceneManifest_Generation = YES;
				INFOPLIST_KEY_UIApplicationSupportsIndirectInputEvents = YES;
				INFOPLIST_KEY_UILaunchScreen_Generation = YES;
				INFOPLIST_KEY_UISupportedInterfaceOrientations_iPad = "UIInterfaceOrientationPortrait UIInterfaceOrientationPortraitUpsideDown UIInterfaceOrientationLandscapeLeft UIInterfaceOrientationLandscapeRight";
				INFOPLIST_KEY_UISupportedInterfaceOrientations_iPhone = "UIInterfaceOrientationPortrait UIInterfaceOrientationLandscapeLeft UIInterfaceOrientationLandscapeRight";
				LD_RUNPATH_SEARCH_PATHS = (
					"$(inherited)",
					"@executable_path/Frameworks",
				);
				MARKETING_VERSION = 1.0;
				PRODUCT_BUNDLE_IDENTIFIER = com.MoodlExampleCh9.TrailMarkLenin;
				PRODUCT_NAME = "$(TARGET_NAME)";
				STRING_CATALOG_GENERATE_SYMBOLS = YES;
				SWIFT_APPROACHABLE_CONCURRENCY = YES;
				SWIFT_DEFAULT_ACTOR_ISOLATION = MainActor;
				SWIFT_EMIT_LOC_STRINGS = YES;
				SWIFT_UPCOMING_FEATURE_MEMBER_IMPORT_VISIBILITY = YES;
				SWIFT_VERSION = 5.0;
				TARGETED_DEVICE_FAMILY = "1,2";
			};
			name = Release;
		};
/* End XCBuildConfiguration section */

/* Begin XCConfigurationList section */
		97677C8930436CA6002F35D4 /* Build configuration list for PBXNativeTarget "TrailMarkLenin Watch App Watch App" */ = {
			isa = XCConfigurationList;
			buildConfigurations = (
				97677C8730436CA6002F35D4 /* Debug */,
				97677C8830436CA6002F35D4 /* Release */,
			);
			defaultConfigurationIsVisible = 0;
			defaultConfigurationName = Release;
		};
		976CECD5303119C20040B17C /* Build configuration list for PBXProject "TrailMarkLenin" */ = {
			isa = XCConfigurationList;
			buildConfigurations = (
				976CECE3303119C20040B17C /* Debug */,
				976CECE4303119C20040B17C /* Release */,
			);
			defaultConfigurationIsVisible = 0;
			defaultConfigurationName = Release;
		};
		976CECE5303119C20040B17C /* Build configuration list for PBXNativeTarget "TrailMarkLenin" */ = {
			isa = XCConfigurationList;
			buildConfigurations = (
				976CECE6303119C20040B17C /* Debug */,
				976CECE7303119C20040B17C /* Release */,
			);
			defaultConfigurationIsVisible = 0;
			defaultConfigurationName = Release;
		};
/* End XCConfigurationList section */

/* Begin XCSwiftPackageProductDependency section */
		97677C8A30436F14002F35D4 /* TrailmarkCore */ = {
			isa = XCSwiftPackageProductDependency;
			productName = TrailmarkCore;
		};
		976CECEB3032EFCB0040B17C /* TrailmarkCore */ = {
			isa = XCSwiftPackageProductDependency;
			productName = TrailmarkCore;
		};
/* End XCSwiftPackageProductDependency section */
	};
	rootObject = 976CECD2303119C20040B17C /* Project object */;
}
